// !$*UTF8*$!
{
	archiveVersion = 1;
	classes = {
	};
	objectVersion = 46;
	objects = {

/* Begin PBXBuildFile section */
		149338221B62B3E900406C6C /* AppDelegate.swift in Sources */ = {isa = PBXBuildFile; fileRef = 149338211B62B3E900406C6C /* AppDelegate.swift */; };
		149338241B62B3E900406C6C /* ViewController.swift in Sources */ = {isa = PBXBuildFile; fileRef = 149338231B62B3E900406C6C /* ViewController.swift */; };
		149338271B62B3E900406C6C /* Main.storyboard in Resources */ = {isa = PBXBuildFile; fileRef = 149338251B62B3E900406C6C /* Main.storyboard */; };
		149338291B62B3E900406C6C /* Images.xcassets in Resources */ = {isa = PBXBuildFile; fileRef = 149338281B62B3E900406C6C /* Images.xcassets */; };
		1493382C1B62B3E900406C6C /* LaunchScreen.xib in Resources */ = {isa = PBXBuildFile; fileRef = 1493382A1B62B3E900406C6C /* LaunchScreen.xib */; };
		149338381B62B3E900406C6C /* Cat_YearsTests.swift in Sources */ = {isa = PBXBuildFile; fileRef = 149338371B62B3E900406C6C /* Cat_YearsTests.swift */; };
/* End PBXBuildFile section */

/* Begin PBXContainerItemProxy section */
		149338321B62B3E900406C6C /* PBXContainerItemProxy */ = {
			isa = PBXContainerItemProxy;
			containerPortal = 149338141B62B3E900406C6C /* Project object */;
			proxyType = 1;
			remoteGlobalIDString = 1493381B1B62B3E900406C6C;
			remoteInfo = "Cat Years";
		};
/* End PBXContainerItemProxy section */

/* Begin PBXFileReference section */
		1493381C1B62B3E900406C6C /* Cat Years.app */ = {isa = PBXFileReference; explicitFileType = wrapper.application; includeInIndex = 0; path = "Cat Years.app"; sourceTree = BUILT_PRODUCTS_DIR; };
		149338201B62B3E900406C6C /* Info.plist */ = {isa = PBXFileReference; lastKnownFileType = text.plist.xml; path = Info.plist; sourceTree = "<group>"; };
		149338211B62B3E900406C6C /* AppDelegate.swift */ = {isa = PBXFileReference; lastKnownFileType = sourcecode.swift; path = AppDelegate.swift; sourceTree = "<group>"; };
		149338231B62B3E900406C6C /* ViewController.swift */ = {isa = PBXFileReference; lastKnownFileType = sourcecode.swift; path = ViewController.swift; sourceTree = "<group>"; };
		149338261B62B3E900406C6C /* Base */ = {isa = PBXFileReference; lastKnownFileType = file.storyboard; name = Base; path = Base.lproj/Main.storyboard; sourceTree = "<group>"; };
		149338281B62B3E900406C6C /* Images.xcassets */ = {isa = PBXFileReference; lastKnownFileType = folder.assetcatalog; path = Images.xcassets; sourceTree = "<group>"; };
		1493382B1B62B3E900406C6C /* Base */ = {isa = PBXFileReference; lastKnownFileType = file.xib; name = Base; path = Base.lproj/LaunchScreen.xib; sourceTree = "<group>"; };
		149338311B62B3E900406C6C /* Cat YearsTests.xctest */ = {isa = PBXFileReference; explicitFileType = wrapper.cfbundle; includeInIndex = 0; path = "Cat YearsTests.xctest"; sourceTree = BUILT_PRODUCTS_DIR; };
		149338361B62B3E900406C6C /* Info.plist */ = {isa = PBXFileReference; lastKnownFileType = text.plist.xml; path = Info.plist; sourceTree = "<group>"; };
		149338371B62B3E900406C6C /* Cat_YearsTests.swift */ = {isa = PBXFileReference; lastKnownFileType = sourcecode.swift; path = Cat_YearsTests.swift; sourceTree = "<group>"; };
/* End PBXFileReference section */

/* Begin PBXFrameworksBuildPhase section */
		149338191B62B3E900406C6C /* Frameworks */ = {
			isa = PBXFrameworksBuildPhase;
			buildActionMask = 2147483647;
			files = (
			);
			runOnlyForDeploymentPostprocessing = 0;
		};
		1493382E1B62B3E900406C6C /* Frameworks */ = {
			isa = PBXFrameworksBuildPhase;
			buildActionMask = 2147483647;
			files = (
			);
			runOnlyForDeploymentPostprocessing = 0;
		};
/* End PBXFrameworksBuildPhase section */

/* Begin PBXGroup section */
		149338131B62B3E900406C6C = {
			isa = PBXGroup;
			children = (
				1493381E1B62B3E900406C6C /* Cat Years */,
				149338341B62B3E900406C6C /* Cat YearsTests */,
				1493381D1B62B3E900406C6C /* Products */,
			);
			sourceTree = "<group>";
		};
		1493381D1B62B3E900406C6C /* Products */ = {
			isa = PBXGroup;
			children = (
				1493381C1B62B3E900406C6C /* Cat Years.app */,
				149338311B62B3E900406C6C /* Cat YearsTests.xctest */,
			);
			name = Products;
			sourceTree = "<group>";
		};
		1493381E1B62B3E900406C6C /* Cat Years */ = {
			isa = PBXGroup;
			children = (
				149338211B62B3E900406C6C /* AppDelegate.swift */,
				149338231B62B3E900406C6C /* ViewController.swift */,
				149338251B62B3E900406C6C /* Main.storyboard */,
				149338281B62B3E900406C6C /* Images.xcassets */,
				1493382A1B62B3E900406C6C /* LaunchScreen.xib */,
				1493381F1B62B3E900406C6C /* Supporting Files */,
			);
			path = "Cat Years";
			sourceTree = "<group>";
		};
		1493381F1B62B3E900406C6C /* Supporting Files */ = {
			isa = PBXGroup;
			children = (
				149338201B62B3E900406C6C /* Info.plist */,
			);
			name = "Supporting Files";
			sourceTree = "<group>";
		};
		149338341B62B3E900406C6C /* Cat YearsTests */ = {
			isa = PBXGroup;
			children = (
				149338371B62B3E900406C6C /* Cat_YearsTests.swift */,
				149338351B62B3E900406C6C /* Supporting Files */,
			);
			path = "Cat YearsTests";
			sourceTree = "<group>";
		};
		149338351B62B3E900406C6C /* Supporting Files */ = {
			isa = PBXGroup;
			children = (
				149338361B62B3E900406C6C /* Info.plist */,
			);
			name = "Supporting Files";
			sourceTree = "<group>";
		};
/* End PBXGroup section */

/* Begin PBXNativeTarget section */
		1493381B1B62B3E900406C6C /* Cat Years */ = {
			isa = PBXNativeTarget;
			buildConfigurationList = 1493383B1B62B3E900406C6C /* Build configuration list for PBXNativeTarget "Cat Years" */;
			buildPhases = (
				149338181B62B3E900406C6C /* Sources */,
				149338191B62B3E900406C6C /* Frameworks */,
				1493381A1B62B3E900406C6C /* Resources */,
			);
			buildRules = (
			);
			dependencies = (
			);
			name = "Cat Years";
			productName = "Cat Years";
			productReference = 1493381C1B62B3E900406C6C /* Cat Years.app */;
			productType = "com.apple.product-type.application";
		};
		149338301B62B3E900406C6C /* Cat YearsTests */ = {
			isa = PBXNativeTarget;
			buildConfigurationList = 1493383E1B62B3E900406C6C /* Build configuration list for PBXNativeTarget "Cat YearsTests" */;
			buildPhases = (
				1493382D1B62B3E900406C6C /* Sources */,
				1493382E1B62B3E900406C6C /* Frameworks */,
				1493382F1B62B3E900406C6C /* Resources */,
			);
			buildRules = (
			);
			dependencies = (
				149338331B62B3E900406C6C /* PBXTargetDependency */,
			);
			name = "Cat YearsTests";
			productName = "Cat YearsTests";
			productReference = 149338311B62B3E900406C6C /* Cat YearsTests.xctest */;
			productType = "com.apple.product-type.bundle.unit-test";
		};
/* End PBXNativeTarget section */

/* Begin PBXProject section */
		149338141B62B3E900406C6C /* Project object */ = {
			isa = PBXProject;
			attributes = {
				LastUpgradeCheck = 0640;
				ORGANIZATIONNAME = moises;
				TargetAttributes = {
					1493381B1B62B3E900406C6C = {
						CreatedOnToolsVersion = 6.4;
					};
					149338301B62B3E900406C6C = {
						CreatedOnToolsVersion = 6.4;
						TestTargetID = 1493381B1B62B3E900406C6C;
					};
				};
			};
			buildConfigurationList = 149338171B62B3E900406C6C /* Build configuration list for PBXProject "Cat Years" */;
			compatibilityVersion = "Xcode 3.2";
			developmentRegion = English;
			hasScannedForEncodings = 0;
			knownRegions = (
				en,
				Base,
			);
			mainGroup = 149338131B62B3E900406C6C;
			productRefGroup = 1493381D1B62B3E900406C6C /* Products */;
			projectDirPath = "";
			projectRoot = "";
			targets = (
				1493381B1B62B3E900406C6C /* Cat Years */,
				149338301B62B3E900406C6C /* Cat YearsTests */,
			);
		};
/* End PBXProject section */

/* Begin PBXResourcesBuildPhase section */
		1493381A1B62B3E900406C6C /* Resources */ = {
			isa = PBXResourcesBuildPhase;
			buildActionMask = 2147483647;
			files = (
				149338271B62B3E900406C6C /* Main.storyboard in Resources */,
				1493382C1B62B3E900406C6C /* LaunchScreen.xib in Resources */,
				149338291B62B3E900406C6C /* Images.xcassets in Resources */,
			);
			runOnlyForDeploymentPostprocessing = 0;
		};
		1493382F1B62B3E900406C6C /* Resources */ = {
			isa = PBXResourcesBuildPhase;
			buildActionMask = 2147483647;
			files = (
			);
			runOnlyForDeploymentPostprocessing = 0;
		};
/* End PBXResourcesBuildPhase section */

/* Begin PBXSourcesBuildPhase section */
		149338181B62B3E900406C6C /* Sources */ = {
			isa = PBXSourcesBuildPhase;
			buildActionMask = 2147483647;
			files = (
				149338241B62B3E900406C6C /* ViewController.swift in Sources */,
				149338221B62B3E900406C6C /* AppDelegate.swift in Sources */,
			);
			runOnlyForDeploymentPostprocessing = 0;
		};
		1493382D1B62B3E900406C6C /* Sources */ = {
			isa = PBXSourcesBuildPhase;
			buildActionMask = 2147483647;
			files = (
				149338381B62B3E900406C6C /* Cat_YearsTests.swift in Sources */,
			);
			runOnlyForDeploymentPostprocessing = 0;
		};
/* End PBXSourcesBuildPhase section */

/* Begin PBXTargetDependency section */
		149338331B62B3E900406C6C /* PBXTargetDependency */ = {
			isa = PBXTargetDependency;
			target = 1493381B1B62B3E900406C6C /* Cat Years */;
			targetProxy = 149338321B62B3E900406C6C /* PBXContainerItemProxy */;
		};
/* End PBXTargetDependency section */

/* Begin PBXVariantGroup section */
		149338251B62B3E900406C6C /* Main.storyboard */ = {
			isa = PBXVariantGroup;
			children = (
				149338261B62B3E900406C6C /* Base */,
			);
			name = Main.storyboard;
			sourceTree = "<group>";
		};
		1493382A1B62B3E900406C6C /* LaunchScreen.xib */ = {
			isa = PBXVariantGroup;
			children = (
				1493382B1B62B3E900406C6C /* Base */,
			);
			name = LaunchScreen.xib;
			sourceTree = "<group>";
		};
/* End PBXVariantGroup section */

/* Begin XCBuildConfiguration section */
		149338391B62B3E900406C6C /* Debug */ = {
			isa = XCBuildConfiguration;
			buildSettings = {
				ALWAYS_SEARCH_USER_PATHS = NO;
				CLANG_CXX_LANGUAGE_STANDARD = "gnu++0x";
				CLANG_CXX_LIBRARY = "libc++";
				CLANG_ENABLE_MODULES = YES;
				CLANG_ENABLE_OBJC_ARC = YES;
				CLANG_WARN_BOOL_CONVERSION = YES;
				CLANG_WARN_CONSTANT_CONVERSION = YES;
				CLANG_WARN_DIRECT_OBJC_ISA_USAGE = YES_ERROR;
				CLANG_WARN_EMPTY_BODY = YES;
				CLANG_WARN_ENUM_CONVERSION = YES;
				CLANG_WARN_INT_CONVERSION = YES;
				CLANG_WARN_OBJC_ROOT_CLASS = YES_ERROR;
				CLANG_WARN_UNREACHABLE_CODE = YES;
				CLANG_WARN__DUPLICATE_METHOD_MATCH = YES;
				"CODE_SIGN_IDENTITY[sdk=iphoneos*]" = "iPhone Developer";
				COPY_PHASE_STRIP = NO;
				DEBUG_INFORMATION_FORMAT = "dwarf-with-dsym";
				ENABLE_STRICT_OBJC_MSGSEND = YES;
				GCC_C_LANGUAGE_STANDARD = gnu99;
				GCC_DYNAMIC_NO_PIC = NO;
				GCC_NO_COMMON_BLOCKS = YES;
				GCC_OPTIMIZATION_LEVEL = 0;
				GCC_PREPROCESSOR_DEFINITIONS = (
					"DEBUG=1",
					"$(inherited)",
				);
				GCC_SYMBOLS_PRIVATE_EXTERN = NO;
				GCC_WARN_64_TO_32_BIT_CONVERSION = YES;
				GCC_WARN_ABOUT_RETURN_TYPE = YES_ERROR;
				GCC_WARN_UNDECLARED_SELECTOR = YES;
				GCC_WARN_UNINITIALIZED_AUTOS = YES_AGGRESSIVE;
				GCC_WARN_UNUSED_FUNCTION = YES;
				GCC_WARN_UNUSED_VARIABLE = YES;
				IPHONEOS_DEPLOYMENT_TARGET = 8.4;
				MTL_ENABLE_DEBUG_INFO = YES;
				ONLY_ACTIVE_ARCH = YES;
				SDKROOT = iphoneos;
				SWIFT_OPTIMIZATION_LEVEL = "-Onone";
			};
			name = Debug;
		};
		1493383A1B62B3E900406C6C /* Release */ = {
			isa = XCBuildConfiguration;
			buildSettings = {
				ALWAYS_SEARCH_USER_PATHS = NO;
				CLANG_CXX_LANGUAGE_STANDARD = "gnu++0x";
				CLANG_CXX_LIBRARY = "libc++";
				CLANG_ENABLE_MODULES = YES;
				CLANG_ENABLE_OBJC_ARC = YES;
				CLANG_WARN_BOOL_CONVERSION = YES;
				CLANG_WARN_CONSTANT_CONVERSION = YES;
				CLANG_WARN_DIRECT_OBJC_ISA_USAGE = YES_ERROR;
				CLANG_WARN_EMPTY_BODY = YES;
				CLANG_WARN_ENUM_CONVERSION = YES;
				CLANG_WARN_INT_CONVERSION = YES;
				CLANG_WARN_OBJC_ROOT_CLASS = YES_ERROR;
				CLANG_WARN_UNREACHABLE_CODE = YES;
				CLANG_WARN__DUPLICATE_METHOD_MATCH = YES;
				"CODE_SIGN_IDENTITY[sdk=iphoneos*]" = "iPhone Developer";
				COPY_PHASE_STRIP = NO;
				DEBUG_INFORMATION_FORMAT = "dwarf-with-dsym";
				ENABLE_NS_ASSERTIONS = NO;
				ENABLE_STRICT_OBJC_MSGSEND = YES;
				GCC_C_LANGUAGE_STANDARD = gnu99;
				GCC_NO_COMMON_BLOCKS = YES;
				GCC_WARN_64_TO_32_BIT_CONVERSION = YES;
				GCC_WARN_ABOUT_RETURN_TYPE = YES_ERROR;
				GCC_WARN_UNDECLARED_SELECTOR = YES;
				GCC_WARN_UNINITIALIZED_AUTOS = YES_AGGRESSIVE;
				GCC_WARN_UNUSED_FUNCTION = YES;
				GCC_WARN_UNUSED_VARIABLE = YES;
				IPHONEOS_DEPLOYMENT_TARGET = 8.4;
				MTL_ENABLE_DEBUG_INFO = NO;
				SDKROOT = iphoneos;
				VALIDATE_PRODUCT = YES;
			};
			name = Release;
		};
		1493383C1B62B3E900406C6C /* Debug */ = {
			isa = XCBuildConfiguration;
			buildSettings = {
				ASSETCATALOG_COMPILER_APPICON_NAME = AppIcon;
				INFOPLIST_FILE = "Cat Years/Info.plist";
				LD_RUNPATH_SEARCH_PATHS = "$(inherited) @executable_path/Frameworks";
				PRODUCT_NAME = "$(TARGET_NAME)";
			};
			name = Debug;
		};
		1493383D1B62B3E900406C6C /* Release */ = {
			isa = XCBuildConfiguration;
			buildSettings = {
				ASSETCATALOG_COMPILER_APPICON_NAME = AppIcon;
				INFOPLIST_FILE = "Cat Years/Info.plist";
				LD_RUNPATH_SEARCH_PATHS = "$(inherited) @executable_path/Frameworks";
				PRODUCT_NAME = "$(TARGET_NAME)";
			};
			name = Release;
		};
		1493383F1B62B3E900406C6C /* Debug */ = {
			isa = XCBuildConfiguration;
			buildSettings = {
				BUNDLE_LOADER = "$(TEST_HOST)";
				FRAMEWORK_SEARCH_PATHS = (
					"$(SDKROOT)/Developer/Library/Frameworks",
					"$(inherited)",
				);
				GCC_PREPROCESSOR_DEFINITIONS = (
					"DEBUG=1",
					"$(inherited)",
				);
				INFOPLIST_FILE = "Cat YearsTests/Info.plist";
				LD_RUNPATH_SEARCH_PATHS = "$(inherited) @executable_path/Frameworks @loader_path/Frameworks";
				PRODUCT_NAME = "$(TARGET_NAME)";
				TEST_HOST = "$(BUILT_PRODUCTS_DIR)/Cat Years.app/Cat Years";
			};
			name = Debug;
		};
		149338401B62B3E900406C6C /* Release */ = {
			isa = XCBuildConfiguration;
			buildSettings = {
				BUNDLE_LOADER = "$(TEST_HOST)";
				FRAMEWORK_SEARCH_PATHS = (
					"$(SDKROOT)/Developer/Library/Frameworks",
					"$(inherited)",
				);
				INFOPLIST_FILE = "Cat YearsTests/Info.plist";
				LD_RUNPATH_SEARCH_PATHS = "$(inherited) @executable_path/Frameworks @loader_path/Frameworks";
				PRODUCT_NAME = "$(TARGET_NAME)";
				TEST_HOST = "$(BUILT_PRODUCTS_DIR)/Cat Years.app/Cat Years";
			};
			name = Release;
		};
/* End XCBuildConfiguration section */

/* Begin XCConfigurationList section */
		149338171B62B3E900406C6C /* Build configuration list for PBXProject "Cat Years" */ = {
			isa = XCConfigurationList;
			buildConfigurations = (
				149338391B62B3E900406C6C /* Debug */,
				1493383A1B62B3E900406C6C /* Release */,
			);
			defaultConfigurationIsVisible = 0;
			defaultConfigurationName = Release;
		};
		1493383B1B62B3E900406C6C /* Build configuration list for PBXNativeTarget "Cat Years" */ = {
			isa = XCConfigurationList;
			buildConfigurations = (
				1493383C1B62B3E900406C6C /* Debug */,
				1493383D1B62B3E900406C6C /* Release */,
			);
			defaultConfigurationIsVisible = 0;
		};
		1493383E1B62B3E900406C6C /* Build configuration list for PBXNativeTarget "Cat YearsTests" */ = {
			isa = XCConfigurationList;
			buildConfigurations = (
				1493383F1B62B3E900406C6C /* Debug */,
				149338401B62B3E900406C6C /* Release */,
			);
			defaultConfigurationIsVisible = 0;
		};
/* End XCConfigurationList section */
	};
	rootObject = 149338141B62B3E900406C6C /* Project object */;
}
